
Microsoft Visual Studio Solution File, Format Version 12.00
# Visual Studio Version 17
VisualStudioVersion = 17.12.35521.163 d17.12
MinimumVisualStudioVersion = 10.0.40219.1
Project("{FAE04EC0-301F-11D3-BF4B-00C04F79EFBC}") = "BookListMvc", "BookListMvc.csproj", "{4E769D1E-8010-45E6-B91B-4EDC7466318D}"
EndProject
Global
	GlobalSection(SolutionConfigurationPlatforms) = preSolution
		Debug|Any CPU = Debug|Any CPU
		Release|Any CPU = Release|Any CPU
	EndGlobalSection
	GlobalSection(ProjectConfigurationPlatforms) = postSolution
		{4E769D1E-8010-45E6-B91B-4EDC7466318D}.Debug|Any CPU.ActiveCfg = Debug|Any CPU
		{4E769D1E-8010-45E6-B91B-4EDC7466318D}.Debug|Any CPU.Build.0 = Debug|Any CPU
		{4E769D1E-8010-45E6-B91B-4EDC7466318D}.Release|Any CPU.ActiveCfg = Release|Any CPU
		{4E769D1E-8010-45E6-B91B-4EDC7466318D}.Release|Any CPU.Build.0 = Release|Any CPU
	EndGlobalSection
	GlobalSection(SolutionProperties) = preSolution
		HideSolutionNode = FALSE
	EndGlobalSection
EndGlobal
